
Microsoft Visual Studio Solution File, Format Version 12.00
# Visual Studio Version 16
VisualStudioVersion = 16.0.31129.286
MinimumVisualStudioVersion = 10.0.40219.1
Project("{FAE04EC0-301F-11D3-BF4B-00C04F79EFBC}") = "ListStackAndQueue", "ListStackAndQueue\ListStackAndQueue.csproj", "{2C0785AB-2A81-49F6-99FF-2F3FFDFCCB04}"
EndProject
Global
	GlobalSection(SolutionConfigurationPlatforms) = preSolution
		Debug|Any CPU = Debug|Any CPU
		Release|Any CPU = Release|Any CPU
	EndGlobalSection
	GlobalSection(ProjectConfigurationPlatforms) = postSolution
		{2C0785AB-2A81-49F6-99FF-2F3FFDFCCB04}.Debug|Any CPU.ActiveCfg = Debug|Any CPU
		{2C0785AB-2A81-49F6-99FF-2F3FFDFCCB04}.Debug|Any CPU.Build.0 = Debug|Any CPU
		{2C0785AB-2A81-49F6-99FF-2F3FFDFCCB04}.Release|Any CPU.ActiveCfg = Release|Any CPU
		{2C0785AB-2A81-49F6-99FF-2F3FFDFCCB04}.Release|Any CPU.Build.0 = Release|Any CPU
	EndGlobalSection
	GlobalSection(SolutionProperties) = preSolution
		HideSolutionNode = FALSE
	EndGlobalSection
	GlobalSection(ExtensibilityGlobals) = postSolution
		SolutionGuid = {9D35517F-59F1-49E0-821B-5BE9661CC1E5}
	EndGlobalSection
EndGlobal
