
Microsoft Visual Studio Solution File, Format Version 12.00
# Visual Studio Version 16
VisualStudioVersion = 16.0.31129.286
MinimumVisualStudioVersion = 10.0.40219.1
Project("{FAE04EC0-301F-11D3-BF4B-00C04F79EFBC}") = "Shop", "Shop\Shop.csproj", "{5B6A491F-85DF-4E6D-B826-D04F4A43ECDA}"
EndProject
Global
	GlobalSection(SolutionConfigurationPlatforms) = preSolution
		Debug|Any CPU = Debug|Any CPU
		Release|Any CPU = Release|Any CPU
	EndGlobalSection
	GlobalSection(ProjectConfigurationPlatforms) = postSolution
		{5B6A491F-85DF-4E6D-B826-D04F4A43ECDA}.Debug|Any CPU.ActiveCfg = Debug|Any CPU
		{5B6A491F-85DF-4E6D-B826-D04F4A43ECDA}.Debug|Any CPU.Build.0 = Debug|Any CPU
		{5B6A491F-85DF-4E6D-B826-D04F4A43ECDA}.Release|Any CPU.ActiveCfg = Release|Any CPU
		{5B6A491F-85DF-4E6D-B826-D04F4A43ECDA}.Release|Any CPU.Build.0 = Release|Any CPU
	EndGlobalSection
	GlobalSection(SolutionProperties) = preSolution
		HideSolutionNode = FALSE
	EndGlobalSection
	GlobalSection(ExtensibilityGlobals) = postSolution
		SolutionGuid = {F8A4C03B-9F28-419D-B7BF-976DCA04615B}
	EndGlobalSection
EndGlobal
